#MicroXplorer Configuration settings - do not modify
Mcu.Family=STM32F4
PC3.Mode=Full_Duplex_Master
ProjectManager.MainLocation=Core/Src
PA6.Mode=Full_Duplex_Master
PH0-OSC_IN.Signal=RCC_OSC_IN
USART2.IPParameters=VirtualMode
RCC.CortexFreq_Value=16000000
ProjectManager.KeepUserCode=true
Mcu.UserName=STM32F405RGTx
SPI1.VirtualType=VM_MASTER
SPI2.VirtualType=VM_MASTER
PB10.Mode=Full_Duplex_Master
CAN2.CalculateTimeBit=3000.00
RCC.PLLCLKFreq_Value=96000000
PC10.Signal=SDIO_D2
PC12.Signal=SDIO_CK
RCC.PLLQCLKFreq_Value=48000000
ProjectManager.functionlistsort=1-MX_GPIO_Init-GPIO-false-HAL-true,2-SystemClock_Config-RCC-false-HAL-false,3-MX_TIM8_Init-TIM8-false-HAL-true
PA11.Mode=OTG/Dual_Role_Device
RCC.RTCFreq_Value=32000
USART1.IPParameters=VirtualMode
PB13.Signal=CAN2_TX
PinOutPanel.RotationAngle=0
ProjectManager.StackSize=0x400
Mcu.IP4=SDIO
Mcu.IP5=SPI1
Mcu.IP2=NVIC
NVIC.SVCall_IRQn=true\:0\:0\:false\:false\:true\:false\:false
Mcu.IP3=RCC
Mcu.IP0=CAN2
Mcu.IP1=I2C1
PA12.Signal=USB_OTG_FS_DP
Mcu.UserConstants=
Mcu.ThirdPartyNb=0
SPI1.Direction=SPI_DIRECTION_2LINES
Mcu.IPNb=11
RCC.I2SClocksFreq_Value=96000000
ProjectManager.PreviousToolchain=
PB6.Signal=USART1_TX
RCC.VcooutputI2S=96000000
SPI1.CalculateBaudRate=8.0 MBits/s
PB6.Mode=Asynchronous
PC3.Signal=SPI2_MOSI
Mcu.Pin6=PA2
Mcu.Pin7=PA3
Mcu.Pin8=PA5
Mcu.Pin9=PA6
RCC.AHBFreq_Value=16000000
PH0-OSC_IN.Mode=HSE-External-Oscillator
Mcu.Pin0=PC14-OSC32_IN
Mcu.Pin1=PC15-OSC32_OUT
Mcu.Pin2=PH0-OSC_IN
Mcu.Pin3=PH1-OSC_OUT
Mcu.Pin4=PC2
Mcu.Pin5=PC3
ProjectManager.ProjectBuild=false
RCC.HSE_VALUE=25000000
NVIC.UsageFault_IRQn=true\:0\:0\:false\:false\:true\:false\:false
NVIC.DebugMonitor_IRQn=true\:0\:0\:false\:false\:true\:false\:false
PB3.Mode=Trace_Asynchronous_SW
Mcu.IP10=USB_OTG_FS
NVIC.SysTick_IRQn=true\:0\:0\:false\:false\:true\:false\:true
ProjectManager.FirmwarePackage=STM32Cube FW_F4 V1.26.1
MxDb.Version=DB.6.0.21
ProjectManager.BackupPrevious=false
PC14-OSC32_IN.Mode=LSE-External-Oscillator
RCC.VCOInputFreq_Value=1000000
PA14.Mode=Trace_Asynchronous_SW
File.Version=6
PC9.Mode=SD_4_bits_Wide_bus
SPI2.CalculateBaudRate=8.0 MBits/s
PB7.Signal=USART1_RX
NVIC.PendSV_IRQn=true\:0\:0\:false\:false\:true\:false\:false
ProjectManager.HalAssertFull=false
ProjectManager.ProjectName=mcusf405
PH1-OSC_OUT.Mode=HSE-External-Oscillator
Mcu.Package=LQFP64
PB9.Signal=I2C1_SDA
PA6.Signal=SPI1_MISO
PB12.Mode=CAN_Activate
SPI2.Mode=SPI_MODE_MASTER
USART2.VirtualMode=VM_ASYNC
ProjectManager.ToolChainLocation=
RCC.LSI_VALUE=32000
VP_SYS_VS_Systick.Signal=SYS_VS_Systick
PA10.Signal=USB_OTG_FS_ID
PC11.Mode=SD_4_bits_Wide_bus
RCC.PLLSourceVirtualString=RCC_PLLSOURCE_HSI
NVIC.BusFault_IRQn=true\:0\:0\:false\:false\:true\:false\:false
SPI2.Direction=SPI_DIRECTION_2LINES
PB13.Mode=CAN_Activate
ProjectManager.CustomerFirmwarePackage=
PA3.Signal=USART2_RX
PA5.Mode=Full_Duplex_Master
PC15-OSC32_OUT.Mode=LSE-External-Oscillator
CAN2.CalculateBaudRate=333333
ProjectManager.ProjectFileName=mcusf405.ioc
PA7.Mode=Full_Duplex_Master
Mcu.PinsNb=32
PA10.Mode=OTG/Dual_Role_Device
ProjectManager.NoMain=false
SPI1.IPParameters=VirtualType,Mode,Direction,CalculateBaudRate
PC11.Signal=SDIO_D3
CAN2.IPParameters=CalculateTimeQuantum,CalculateTimeBit,CalculateBaudRate
PC8.Signal=SDIO_D0
PC2.Signal=SPI2_MISO
PC10.Mode=SD_4_bits_Wide_bus
ProjectManager.DefaultFWLocation=true
PC2.Mode=Full_Duplex_Master
ProjectManager.DeletePrevious=true
PC14-OSC32_IN.Signal=RCC_OSC32_IN
RCC.FamilyName=M
PA13.Signal=SYS_JTMS-SWDIO
PA3.Mode=Asynchronous
PA9.Mode=Activate_VBUS
ProjectManager.TargetToolchain=STM32CubeIDE
PB9.Mode=I2C
PA9.Signal=USB_OTG_FS_VBUS
SPI2.IPParameters=VirtualType,Mode,Direction,CalculateBaudRate
ProjectManager.RegisterCallBack=
PC15-OSC32_OUT.Signal=RCC_OSC32_OUT
PB10.Signal=SPI2_SCK
RCC.VCOI2SOutputFreq_Value=192000000
PD2.Mode=SD_4_bits_Wide_bus
PA5.Signal=SPI1_SCK
PC12.Mode=SD_4_bits_Wide_bus
board=custom
RCC.VCOOutputFreq_Value=192000000
ProjectManager.LastFirmware=true
RCC.APB2Freq_Value=16000000
MxCube.Version=6.2.1
SPI1.Mode=SPI_MODE_MASTER
Mcu.Pin30=PB9
VP_SYS_VS_Systick.Mode=SysTick
CAN2.CalculateTimeQuantum=1000.0
PH1-OSC_OUT.Signal=RCC_OSC_OUT
Mcu.Pin31=VP_SYS_VS_Systick
NVIC.NonMaskableInt_IRQn=true\:0\:0\:false\:false\:true\:false\:false
PA13.Mode=Trace_Asynchronous_SW
ProjectManager.FreePins=false
RCC.IPParameters=AHBFreq_Value,APB1Freq_Value,APB2Freq_Value,CortexFreq_Value,FamilyName,HSE_VALUE,HSI_VALUE,I2SClocksFreq_Value,LSI_VALUE,PLLCLKFreq_Value,PLLQCLKFreq_Value,PLLSourceVirtualString,RTCFreq_Value,RTCHSEDivFreq_Value,SYSCLKFreq_VALUE,VCOI2SOutputFreq_Value,VCOInputFreq_Value,VCOOutputFreq_Value,VcooutputI2S
ProjectManager.AskForMigrate=true
Mcu.Name=STM32F405RGTx
Mcu.Pin26=PB3
Mcu.Pin27=PB6
RCC.RTCHSEDivFreq_Value=12500000
Mcu.Pin24=PC12
PA2.Signal=USART2_TX
ProjectManager.UnderRoot=true
Mcu.Pin25=PD2
Mcu.IP8=USART1
Mcu.IP9=USART2
Mcu.Pin28=PB7
Mcu.IP6=SPI2
PC8.Mode=SD_4_bits_Wide_bus
Mcu.Pin29=PB8
Mcu.IP7=SYS
ProjectManager.CoupleFile=false
PB3.Signal=SYS_JTDO-SWO
RCC.SYSCLKFreq_VALUE=16000000
Mcu.Pin22=PC10
Mcu.Pin23=PC11
Mcu.Pin20=PA13
Mcu.Pin21=PA14
PA12.Mode=OTG/Dual_Role_Device
NVIC.ForceEnableDMAVector=true
KeepUserPlacement=false
NVIC.MemoryManagement_IRQn=true\:0\:0\:false\:false\:true\:false\:false
USART1.VirtualMode=VM_ASYNC
ProjectManager.CompilerOptimize=6
PB7.Mode=Asynchronous
PA11.Signal=USB_OTG_FS_DM
PA14.Signal=SYS_JTCK-SWCLK
ProjectManager.HeapSize=0x200
Mcu.Pin15=PC9
NVIC.HardFault_IRQn=true\:0\:0\:false\:false\:true\:false\:false
Mcu.Pin16=PA9
Mcu.Pin13=PB13
Mcu.Pin14=PC8
Mcu.Pin19=PA12
ProjectManager.ComputerToolchain=false
Mcu.Pin17=PA10
RCC.HSI_VALUE=16000000
Mcu.Pin18=PA11
NVIC.PriorityGroup=NVIC_PRIORITYGROUP_4
Mcu.Pin11=PB10
Mcu.Pin12=PB12
PB8.Mode=I2C
Mcu.Pin10=PA7
PA2.Mode=Asynchronous
PB8.Signal=I2C1_SCL
PC9.Signal=SDIO_D1
PD2.Signal=SDIO_CMD
RCC.APB1Freq_Value=16000000
ProjectManager.DeviceId=STM32F405RGTx
PB12.Signal=CAN2_RX
ProjectManager.LibraryCopy=1
PA7.Signal=SPI1_MOSI
isbadioc=true
